
Microsoft Visual Studio Solution File, Format Version 12.00
# Visual Studio 15
Project("{FAE04EC0-301F-11D3-BF4B-00C04F79EFBC}") = "BillboardAPI", "BillboardAPI.csproj", "{AE95EF57-007D-418B-9E90-477AA5711E1F}"
EndProject
Global
	GlobalSection(SolutionConfigurationPlatforms) = preSolution
		Debug|Any CPU = Debug|Any CPU
		Release|Any CPU = Release|Any CPU
	EndGlobalSection
	GlobalSection(ProjectConfigurationPlatforms) = postSolution
		{AE95EF57-007D-418B-9E90-477AA5711E1F}.Debug|Any CPU.ActiveCfg = Debug|Any CPU
		{AE95EF57-007D-418B-9E90-477AA5711E1F}.Debug|Any CPU.Build.0 = Debug|Any CPU
		{AE95EF57-007D-418B-9E90-477AA5711E1F}.Release|Any CPU.ActiveCfg = Release|Any CPU
		{AE95EF57-007D-418B-9E90-477AA5711E1F}.Release|Any CPU.Build.0 = Release|Any CPU
	EndGlobalSection
EndGlobal
